
Microsoft Visual Studio Solution File, Format Version 12.00
# Visual Studio Version 17
VisualStudioVersion = 17.3.32929.385
MinimumVisualStudioVersion = 10.0.40219.1
Project("{FAE04EC0-301F-11D3-BF4B-00C04F79EFBC}") = "CoffeeApp.Api", "CoffeeApp.Api\CoffeeApp.Api.csproj", "{4ECBA61F-BCD5-4D73-B6C8-7A9A8B1727BF}"
EndProject
Global
	GlobalSection(SolutionConfigurationPlatforms) = preSolution
		Debug|Any CPU = Debug|Any CPU
		Release|Any CPU = Release|Any CPU
	EndGlobalSection
	GlobalSection(ProjectConfigurationPlatforms) = postSolution
		{4ECBA61F-BCD5-4D73-B6C8-7A9A8B1727BF}.Debug|Any CPU.ActiveCfg = Debug|Any CPU
		{4ECBA61F-BCD5-4D73-B6C8-7A9A8B1727BF}.Debug|Any CPU.Build.0 = Debug|Any CPU
		{4ECBA61F-BCD5-4D73-B6C8-7A9A8B1727BF}.Release|Any CPU.ActiveCfg = Release|Any CPU
		{4ECBA61F-BCD5-4D73-B6C8-7A9A8B1727BF}.Release|Any CPU.Build.0 = Release|Any CPU
	EndGlobalSection
	GlobalSection(SolutionProperties) = preSolution
		HideSolutionNode = FALSE
	EndGlobalSection
	GlobalSection(ExtensibilityGlobals) = postSolution
		SolutionGuid = {08795563-0AA8-4287-9A22-9DAC9538D834}
	EndGlobalSection
EndGlobal
